{
  "name": "fileuploadutilitybymicky",
  "version": "1.0.0",
  "lockfileVersion": 3,
  "requires": true,
  "packages": {
    "": {
      "name": "fileuploadutilitybymicky",
      "version": "1.0.0",
      "license": "MIT",
      "dependencies": {
        "datastructuresbymick": "^1.0.0"
      }
    },
    "node_modules/datastructuresbymick": {
      "version": "1.0.0",
      "resolved": "https://registry.npmjs.org/datastructuresbymick/-/datastructuresbymick-1.0.0.tgz",
      "integrity": "sha512-8HJ/kqsDl9qy3/ntsB9hqRN3WJ2O+CNpEpR/dlNq1U31fBk0Z6mYyqfT3OlkfLj/lj1ql+b4nBwyaqLqnMGspQ=="
    }
  }
}
